
Microsoft Visual Studio Solution File, Format Version 12.00
# Visual Studio Version 17
VisualStudioVersion = 17.8.34309.116
MinimumVisualStudioVersion = 10.0.40219.1
Project("{9A19103F-16F7-4668-BE54-9A1E7A4F7556}") = "AotTest.Main", "AotTest.Main\AotTest.Main.csproj", "{F4F7574E-5D60-438E-85F0-1D3E2A55B1BC}"
	ProjectSection(ProjectDependencies) = postProject
		{E9EB3A45-2009-4A90-9C5E-2414F54A030B} = {E9EB3A45-2009-4A90-9C5E-2414F54A030B}
	EndProjectSection
EndProject
Project("{9A19103F-16F7-4668-BE54-9A1E7A4F7556}") = "AotTest.Engine", "AotTest.Engine\AotTest.Engine.csproj", "{E9EB3A45-2009-4A90-9C5E-2414F54A030B}"
	ProjectSection(ProjectDependencies) = postProject
		{7E01EE1D-3FE7-439C-8FB1-79526BA6D490} = {7E01EE1D-3FE7-439C-8FB1-79526BA6D490}
	EndProjectSection
EndProject
Project("{9A19103F-16F7-4668-BE54-9A1E7A4F7556}") = "AotTest.Engine.Forms", "AotTest.Engine.Forms\AotTest.Engine.Forms.csproj", "{7E01EE1D-3FE7-439C-8FB1-79526BA6D490}"
EndProject
Global
	GlobalSection(SolutionConfigurationPlatforms) = preSolution
		Debug|Any CPU = Debug|Any CPU
		Release|Any CPU = Release|Any CPU
	EndGlobalSection
	GlobalSection(ProjectConfigurationPlatforms) = postSolution
		{F4F7574E-5D60-438E-85F0-1D3E2A55B1BC}.Debug|Any CPU.ActiveCfg = Debug|Any CPU
		{F4F7574E-5D60-438E-85F0-1D3E2A55B1BC}.Debug|Any CPU.Build.0 = Debug|Any CPU
		{F4F7574E-5D60-438E-85F0-1D3E2A55B1BC}.Release|Any CPU.ActiveCfg = Release|Any CPU
		{F4F7574E-5D60-438E-85F0-1D3E2A55B1BC}.Release|Any CPU.Build.0 = Release|Any CPU
		{E9EB3A45-2009-4A90-9C5E-2414F54A030B}.Debug|Any CPU.ActiveCfg = Debug|Any CPU
		{E9EB3A45-2009-4A90-9C5E-2414F54A030B}.Debug|Any CPU.Build.0 = Debug|Any CPU
		{E9EB3A45-2009-4A90-9C5E-2414F54A030B}.Release|Any CPU.ActiveCfg = Release|Any CPU
		{E9EB3A45-2009-4A90-9C5E-2414F54A030B}.Release|Any CPU.Build.0 = Release|Any CPU
		{7E01EE1D-3FE7-439C-8FB1-79526BA6D490}.Debug|Any CPU.ActiveCfg = Debug|Any CPU
		{7E01EE1D-3FE7-439C-8FB1-79526BA6D490}.Debug|Any CPU.Build.0 = Debug|Any CPU
		{7E01EE1D-3FE7-439C-8FB1-79526BA6D490}.Release|Any CPU.ActiveCfg = Release|Any CPU
		{7E01EE1D-3FE7-439C-8FB1-79526BA6D490}.Release|Any CPU.Build.0 = Release|Any CPU
	EndGlobalSection
	GlobalSection(SolutionProperties) = preSolution
		HideSolutionNode = FALSE
	EndGlobalSection
	GlobalSection(ExtensibilityGlobals) = postSolution
		SolutionGuid = {C8440DC3-A3AB-4752-92CE-ECB1E16C7091}
	EndGlobalSection
EndGlobal
